// !$*UTF8*$!
{
	archiveVersion = 1;
	classes = {
	};
	objectVersion = 46;
	objects = {

/* Begin PBXBuildFile section */
		4D6721981BAA54190065888B /* AppDelegate.swift in Sources */ = {isa = PBXBuildFile; fileRef = 4D6721971BAA54190065888B /* AppDelegate.swift */; };
		4D67219A1BAA54190065888B /* ViewController.swift in Sources */ = {isa = PBXBuildFile; fileRef = 4D6721991BAA54190065888B /* ViewController.swift */; };
		4D67219D1BAA54190065888B /* Main.storyboard in Resources */ = {isa = PBXBuildFile; fileRef = 4D67219B1BAA54190065888B /* Main.storyboard */; };
		4D67219F1BAA54190065888B /* Assets.xcassets in Resources */ = {isa = PBXBuildFile; fileRef = 4D67219E1BAA54190065888B /* Assets.xcassets */; };
		4D6721A21BAA54190065888B /* LaunchScreen.storyboard in Resources */ = {isa = PBXBuildFile; fileRef = 4D6721A01BAA54190065888B /* LaunchScreen.storyboard */; };
		4D6721AD1BAA541A0065888B /* DropboxTests.swift in Sources */ = {isa = PBXBuildFile; fileRef = 4D6721AC1BAA541A0065888B /* DropboxTests.swift */; };
		4D6721B81BAA541A0065888B /* DropboxUITests.swift in Sources */ = {isa = PBXBuildFile; fileRef = 4D6721B71BAA541A0065888B /* DropboxUITests.swift */; };
/* End PBXBuildFile section */

/* Begin PBXContainerItemProxy section */
		4D6721A91BAA541A0065888B /* PBXContainerItemProxy */ = {
			isa = PBXContainerItemProxy;
			containerPortal = 4D67218C1BAA54190065888B /* Project object */;
			proxyType = 1;
			remoteGlobalIDString = 4D6721931BAA54190065888B;
			remoteInfo = Dropbox;
		};
		4D6721B41BAA541A0065888B /* PBXContainerItemProxy */ = {
			isa = PBXContainerItemProxy;
			containerPortal = 4D67218C1BAA54190065888B /* Project object */;
			proxyType = 1;
			remoteGlobalIDString = 4D6721931BAA54190065888B;
			remoteInfo = Dropbox;
		};
/* End PBXContainerItemProxy section */

/* Begin PBXFileReference section */
		4D6721941BAA54190065888B /* Dropbox.app */ = {isa = PBXFileReference; explicitFileType = wrapper.application; includeInIndex = 0; path = Dropbox.app; sourceTree = BUILT_PRODUCTS_DIR; };
		4D6721971BAA54190065888B /* AppDelegate.swift */ = {isa = PBXFileReference; lastKnownFileType = sourcecode.swift; path = AppDelegate.swift; sourceTree = "<group>"; };
		4D6721991BAA54190065888B /* ViewController.swift */ = {isa = PBXFileReference; lastKnownFileType = sourcecode.swift; path = ViewController.swift; sourceTree = "<group>"; };
		4D67219C1BAA54190065888B /* Base */ = {isa = PBXFileReference; lastKnownFileType = file.storyboard; name = Base; path = Base.lproj/Main.storyboard; sourceTree = "<group>"; };
		4D67219E1BAA54190065888B /* Assets.xcassets */ = {isa = PBXFileReference; lastKnownFileType = folder.assetcatalog; path = Assets.xcassets; sourceTree = "<group>"; };
		4D6721A11BAA54190065888B /* Base */ = {isa = PBXFileReference; lastKnownFileType = file.storyboard; name = Base; path = Base.lproj/LaunchScreen.storyboard; sourceTree = "<group>"; };
		4D6721A31BAA54190065888B /* Info.plist */ = {isa = PBXFileReference; lastKnownFileType = text.plist.xml; path = Info.plist; sourceTree = "<group>"; };
		4D6721A81BAA541A0065888B /* DropboxTests.xctest */ = {isa = PBXFileReference; explicitFileType = wrapper.cfbundle; includeInIndex = 0; path = DropboxTests.xctest; sourceTree = BUILT_PRODUCTS_DIR; };
		4D6721AC1BAA541A0065888B /* DropboxTests.swift */ = {isa = PBXFileReference; lastKnownFileType = sourcecode.swift; path = DropboxTests.swift; sourceTree = "<group>"; };
		4D6721AE1BAA541A0065888B /* Info.plist */ = {isa = PBXFileReference; lastKnownFileType = text.plist.xml; path = Info.plist; sourceTree = "<group>"; };
		4D6721B31BAA541A0065888B /* DropboxUITests.xctest */ = {isa = PBXFileReference; explicitFileType = wrapper.cfbundle; includeInIndex = 0; path = DropboxUITests.xctest; sourceTree = BUILT_PRODUCTS_DIR; };
		4D6721B71BAA541A0065888B /* DropboxUITests.swift */ = {isa = PBXFileReference; lastKnownFileType = sourcecode.swift; path = DropboxUITests.swift; sourceTree = "<group>"; };
		4D6721B91BAA541A0065888B /* Info.plist */ = {isa = PBXFileReference; lastKnownFileType = text.plist.xml; path = Info.plist; sourceTree = "<group>"; };
/* End PBXFileReference section */

/* Begin PBXFrameworksBuildPhase section */
		4D6721911BAA54190065888B /* Frameworks */ = {
			isa = PBXFrameworksBuildPhase;
			buildActionMask = 2147483647;
			files = (
			);
			runOnlyForDeploymentPostprocessing = 0;
		};
		4D6721A51BAA541A0065888B /* Frameworks */ = {
			isa = PBXFrameworksBuildPhase;
			buildActionMask = 2147483647;
			files = (
			);
			runOnlyForDeploymentPostprocessing = 0;
		};
		4D6721B01BAA541A0065888B /* Frameworks */ = {
			isa = PBXFrameworksBuildPhase;
			buildActionMask = 2147483647;
			files = (
			);
			runOnlyForDeploymentPostprocessing = 0;
		};
/* End PBXFrameworksBuildPhase section */

/* Begin PBXGroup section */
		4D67218B1BAA54190065888B = {
			isa = PBXGroup;
			children = (
				4D6721961BAA54190065888B /* Dropbox */,
				4D6721AB1BAA541A0065888B /* DropboxTests */,
				4D6721B61BAA541A0065888B /* DropboxUITests */,
				4D6721951BAA54190065888B /* Products */,
			);
			sourceTree = "<group>";
		};
		4D6721951BAA54190065888B /* Products */ = {
			isa = PBXGroup;
			children = (
				4D6721941BAA54190065888B /* Dropbox.app */,
				4D6721A81BAA541A0065888B /* DropboxTests.xctest */,
				4D6721B31BAA541A0065888B /* DropboxUITests.xctest */,
			);
			name = Products;
			sourceTree = "<group>";
		};
		4D6721961BAA54190065888B /* Dropbox */ = {
			isa = PBXGroup;
			children = (
				4D6721971BAA54190065888B /* AppDelegate.swift */,
				4D6721991BAA54190065888B /* ViewController.swift */,
				4D67219B1BAA54190065888B /* Main.storyboard */,
				4D67219E1BAA54190065888B /* Assets.xcassets */,
				4D6721A01BAA54190065888B /* LaunchScreen.storyboard */,
				4D6721A31BAA54190065888B /* Info.plist */,
			);
			path = Dropbox;
			sourceTree = "<group>";
		};
		4D6721AB1BAA541A0065888B /* DropboxTests */ = {
			isa = PBXGroup;
			children = (
				4D6721AC1BAA541A0065888B /* DropboxTests.swift */,
				4D6721AE1BAA541A0065888B /* Info.plist */,
			);
			path = DropboxTests;
			sourceTree = "<group>";
		};
		4D6721B61BAA541A0065888B /* DropboxUITests */ = {
			isa = PBXGroup;
			children = (
				4D6721B71BAA541A0065888B /* DropboxUITests.swift */,
				4D6721B91BAA541A0065888B /* Info.plist */,
			);
			path = DropboxUITests;
			sourceTree = "<group>";
		};
/* End PBXGroup section */

/* Begin PBXNativeTarget section */
		4D6721931BAA54190065888B /* Dropbox */ = {
			isa = PBXNativeTarget;
			buildConfigurationList = 4D6721BC1BAA541A0065888B /* Build configuration list for PBXNativeTarget "Dropbox" */;
			buildPhases = (
				4D6721901BAA54190065888B /* Sources */,
				4D6721911BAA54190065888B /* Frameworks */,
				4D6721921BAA54190065888B /* Resources */,
			);
			buildRules = (
			);
			dependencies = (
			);
			name = Dropbox;
			productName = Dropbox;
			productReference = 4D6721941BAA54190065888B /* Dropbox.app */;
			productType = "com.apple.product-type.application";
		};
		4D6721A71BAA541A0065888B /* DropboxTests */ = {
			isa = PBXNativeTarget;
			buildConfigurationList = 4D6721BF1BAA541A0065888B /* Build configuration list for PBXNativeTarget "DropboxTests" */;
			buildPhases = (
				4D6721A41BAA541A0065888B /* Sources */,
				4D6721A51BAA541A0065888B /* Frameworks */,
				4D6721A61BAA541A0065888B /* Resources */,
			);
			buildRules = (
			);
			dependencies = (
				4D6721AA1BAA541A0065888B /* PBXTargetDependency */,
			);
			name = DropboxTests;
			productName = DropboxTests;
			productReference = 4D6721A81BAA541A0065888B /* DropboxTests.xctest */;
			productType = "com.apple.product-type.bundle.unit-test";
		};
		4D6721B21BAA541A0065888B /* DropboxUITests */ = {
			isa = PBXNativeTarget;
			buildConfigurationList = 4D6721C21BAA541A0065888B /* Build configuration list for PBXNativeTarget "DropboxUITests" */;
			buildPhases = (
				4D6721AF1BAA541A0065888B /* Sources */,
				4D6721B01BAA541A0065888B /* Frameworks */,
				4D6721B11BAA541A0065888B /* Resources */,
			);
			buildRules = (
			);
			dependencies = (
				4D6721B51BAA541A0065888B /* PBXTargetDependency */,
			);
			name = DropboxUITests;
			productName = DropboxUITests;
			productReference = 4D6721B31BAA541A0065888B /* DropboxUITests.xctest */;
			productType = "com.apple.product-type.bundle.ui-testing";
		};
/* End PBXNativeTarget section */

/* Begin PBXProject section */
		4D67218C1BAA54190065888B /* Project object */ = {
			isa = PBXProject;
			attributes = {
				LastUpgradeCheck = 0700;
				ORGANIZATIONNAME = maggled;
				TargetAttributes = {
					4D6721931BAA54190065888B = {
						CreatedOnToolsVersion = 7.0;
					};
					4D6721A71BAA541A0065888B = {
						CreatedOnToolsVersion = 7.0;
						TestTargetID = 4D6721931BAA54190065888B;
					};
					4D6721B21BAA541A0065888B = {
						CreatedOnToolsVersion = 7.0;
						TestTargetID = 4D6721931BAA54190065888B;
					};
				};
			};
			buildConfigurationList = 4D67218F1BAA54190065888B /* Build configuration list for PBXProject "Dropbox" */;
			compatibilityVersion = "Xcode 3.2";
			developmentRegion = English;
			hasScannedForEncodings = 0;
			knownRegions = (
				en,
				Base,
			);
			mainGroup = 4D67218B1BAA54190065888B;
			productRefGroup = 4D6721951BAA54190065888B /* Products */;
			projectDirPath = "";
			projectRoot = "";
			targets = (
				4D6721931BAA54190065888B /* Dropbox */,
				4D6721A71BAA541A0065888B /* DropboxTests */,
				4D6721B21BAA541A0065888B /* DropboxUITests */,
			);
		};
/* End PBXProject section */

/* Begin PBXResourcesBuildPhase section */
		4D6721921BAA54190065888B /* Resources */ = {
			isa = PBXResourcesBuildPhase;
			buildActionMask = 2147483647;
			files = (
				4D6721A21BAA54190065888B /* LaunchScreen.storyboard in Resources */,
				4D67219F1BAA54190065888B /* Assets.xcassets in Resources */,
				4D67219D1BAA54190065888B /* Main.storyboard in Resources */,
			);
			runOnlyForDeploymentPostprocessing = 0;
		};
		4D6721A61BAA541A0065888B /* Resources */ = {
			isa = PBXResourcesBuildPhase;
			buildActionMask = 2147483647;
			files = (
			);
			runOnlyForDeploymentPostprocessing = 0;
		};
		4D6721B11BAA541A0065888B /* Resources */ = {
			isa = PBXResourcesBuildPhase;
			buildActionMask = 2147483647;
			files = (
			);
			runOnlyForDeploymentPostprocessing = 0;
		};
/* End PBXResourcesBuildPhase section */

/* Begin PBXSourcesBuildPhase section */
		4D6721901BAA54190065888B /* Sources */ = {
			isa = PBXSourcesBuildPhase;
			buildActionMask = 2147483647;
			files = (
				4D67219A1BAA54190065888B /* ViewController.swift in Sources */,
				4D6721981BAA54190065888B /* AppDelegate.swift in Sources */,
			);
			runOnlyForDeploymentPostprocessing = 0;
		};
		4D6721A41BAA541A0065888B /* Sources */ = {
			isa = PBXSourcesBuildPhase;
			buildActionMask = 2147483647;
			files = (
				4D6721AD1BAA541A0065888B /* DropboxTests.swift in Sources */,
			);
			runOnlyForDeploymentPostprocessing = 0;
		};
		4D6721AF1BAA541A0065888B /* Sources */ = {
			isa = PBXSourcesBuildPhase;
			buildActionMask = 2147483647;
			files = (
				4D6721B81BAA541A0065888B /* DropboxUITests.swift in Sources */,
			);
			runOnlyForDeploymentPostprocessing = 0;
		};
/* End PBXSourcesBuildPhase section */

/* Begin PBXTargetDependency section */
		4D6721AA1BAA541A0065888B /* PBXTargetDependency */ = {
			isa = PBXTargetDependency;
			target = 4D6721931BAA54190065888B /* Dropbox */;
			targetProxy = 4D6721A91BAA541A0065888B /* PBXContainerItemProxy */;
		};
		4D6721B51BAA541A0065888B /* PBXTargetDependency */ = {
			isa = PBXTargetDependency;
			target = 4D6721931BAA54190065888B /* Dropbox */;
			targetProxy = 4D6721B41BAA541A0065888B /* PBXContainerItemProxy */;
		};
/* End PBXTargetDependency section */

/* Begin PBXVariantGroup section */
		4D67219B1BAA54190065888B /* Main.storyboard */ = {
			isa = PBXVariantGroup;
			children = (
				4D67219C1BAA54190065888B /* Base */,
			);
			name = Main.storyboard;
			sourceTree = "<group>";
		};
		4D6721A01BAA54190065888B /* LaunchScreen.storyboard */ = {
			isa = PBXVariantGroup;
			children = (
				4D6721A11BAA54190065888B /* Base */,
			);
			name = LaunchScreen.storyboard;
			sourceTree = "<group>";
		};
/* End PBXVariantGroup section */

/* Begin XCBuildConfiguration section */
		4D6721BA1BAA541A0065888B /* Debug */ = {
			isa = XCBuildConfiguration;
			buildSettings = {
				ALWAYS_SEARCH_USER_PATHS = NO;
				CLANG_CXX_LANGUAGE_STANDARD = "gnu++0x";
				CLANG_CXX_LIBRARY = "libc++";
				CLANG_ENABLE_MODULES = YES;
				CLANG_ENABLE_OBJC_ARC = YES;
				CLANG_WARN_BOOL_CONVERSION = YES;
				CLANG_WARN_CONSTANT_CONVERSION = YES;
				CLANG_WARN_DIRECT_OBJC_ISA_USAGE = YES_ERROR;
				CLANG_WARN_EMPTY_BODY = YES;
				CLANG_WARN_ENUM_CONVERSION = YES;
				CLANG_WARN_INT_CONVERSION = YES;
				CLANG_WARN_OBJC_ROOT_CLASS = YES_ERROR;
				CLANG_WARN_UNREACHABLE_CODE = YES;
				CLANG_WARN__DUPLICATE_METHOD_MATCH = YES;
				"CODE_SIGN_IDENTITY[sdk=iphoneos*]" = "iPhone Developer";
				COPY_PHASE_STRIP = NO;
				DEBUG_INFORMATION_FORMAT = dwarf;
				ENABLE_STRICT_OBJC_MSGSEND = YES;
				ENABLE_TESTABILITY = YES;
				GCC_C_LANGUAGE_STANDARD = gnu99;
				GCC_DYNAMIC_NO_PIC = NO;
				GCC_NO_COMMON_BLOCKS = YES;
				GCC_OPTIMIZATION_LEVEL = 0;
				GCC_PREPROCESSOR_DEFINITIONS = (
					"DEBUG=1",
					"$(inherited)",
				);
				GCC_WARN_64_TO_32_BIT_CONVERSION = YES;
				GCC_WARN_ABOUT_RETURN_TYPE = YES_ERROR;
				GCC_WARN_UNDECLARED_SELECTOR = YES;
				GCC_WARN_UNINITIALIZED_AUTOS = YES_AGGRESSIVE;
				GCC_WARN_UNUSED_FUNCTION = YES;
				GCC_WARN_UNUSED_VARIABLE = YES;
				IPHONEOS_DEPLOYMENT_TARGET = 9.0;
				MTL_ENABLE_DEBUG_INFO = YES;
				ONLY_ACTIVE_ARCH = YES;
				SDKROOT = iphoneos;
				SWIFT_OPTIMIZATION_LEVEL = "-Onone";
			};
			name = Debug;
		};
		4D6721BB1BAA541A0065888B /* Release */ = {
			isa = XCBuildConfiguration;
			buildSettings = {
				ALWAYS_SEARCH_USER_PATHS = NO;
				CLANG_CXX_LANGUAGE_STANDARD = "gnu++0x";
				CLANG_CXX_LIBRARY = "libc++";
				CLANG_ENABLE_MODULES = YES;
				CLANG_ENABLE_OBJC_ARC = YES;
				CLANG_WARN_BOOL_CONVERSION = YES;
				CLANG_WARN_CONSTANT_CONVERSION = YES;
				CLANG_WARN_DIRECT_OBJC_ISA_USAGE = YES_ERROR;
				CLANG_WARN_EMPTY_BODY = YES;
				CLANG_WARN_ENUM_CONVERSION = YES;
				CLANG_WARN_INT_CONVERSION = YES;
				CLANG_WARN_OBJC_ROOT_CLASS = YES_ERROR;
				CLANG_WARN_UNREACHABLE_CODE = YES;
				CLANG_WARN__DUPLICATE_METHOD_MATCH = YES;
				"CODE_SIGN_IDENTITY[sdk=iphoneos*]" = "iPhone Developer";
				COPY_PHASE_STRIP = NO;
				DEBUG_INFORMATION_FORMAT = "dwarf-with-dsym";
				ENABLE_NS_ASSERTIONS = NO;
				ENABLE_STRICT_OBJC_MSGSEND = YES;
				GCC_C_LANGUAGE_STANDARD = gnu99;
				GCC_NO_COMMON_BLOCKS = YES;
				GCC_WARN_64_TO_32_BIT_CONVERSION = YES;
				GCC_WARN_ABOUT_RETURN_TYPE = YES_ERROR;
				GCC_WARN_UNDECLARED_SELECTOR = YES;
				GCC_WARN_UNINITIALIZED_AUTOS = YES_AGGRESSIVE;
				GCC_WARN_UNUSED_FUNCTION = YES;
				GCC_WARN_UNUSED_VARIABLE = YES;
				IPHONEOS_DEPLOYMENT_TARGET = 9.0;
				MTL_ENABLE_DEBUG_INFO = NO;
				SDKROOT = iphoneos;
				VALIDATE_PRODUCT = YES;
			};
			name = Release;
		};
		4D6721BD1BAA541A0065888B /* Debug */ = {
			isa = XCBuildConfiguration;
			buildSettings = {
				ASSETCATALOG_COMPILER_APPICON_NAME = AppIcon;
				INFOPLIST_FILE = Dropbox/Info.plist;
				LD_RUNPATH_SEARCH_PATHS = "$(inherited) @executable_path/Frameworks";
				PRODUCT_BUNDLE_IDENTIFIER = maggled.Dropbox;
				PRODUCT_NAME = "$(TARGET_NAME)";
			};
			name = Debug;
		};
		4D6721BE1BAA541A0065888B /* Release */ = {
			isa = XCBuildConfiguration;
			buildSettings = {
				ASSETCATALOG_COMPILER_APPICON_NAME = AppIcon;
				INFOPLIST_FILE = Dropbox/Info.plist;
				LD_RUNPATH_SEARCH_PATHS = "$(inherited) @executable_path/Frameworks";
				PRODUCT_BUNDLE_IDENTIFIER = maggled.Dropbox;
				PRODUCT_NAME = "$(TARGET_NAME)";
			};
			name = Release;
		};
		4D6721C01BAA541A0065888B /* Debug */ = {
			isa = XCBuildConfiguration;
			buildSettings = {
				BUNDLE_LOADER = "$(TEST_HOST)";
				INFOPLIST_FILE = DropboxTests/Info.plist;
				LD_RUNPATH_SEARCH_PATHS = "$(inherited) @executable_path/Frameworks @loader_path/Frameworks";
				PRODUCT_BUNDLE_IDENTIFIER = maggled.DropboxTests;
				PRODUCT_NAME = "$(TARGET_NAME)";
				TEST_HOST = "$(BUILT_PRODUCTS_DIR)/Dropbox.app/Dropbox";
			};
			name = Debug;
		};
		4D6721C11BAA541A0065888B /* Release */ = {
			isa = XCBuildConfiguration;
			buildSettings = {
				BUNDLE_LOADER = "$(TEST_HOST)";
				INFOPLIST_FILE = DropboxTests/Info.plist;
				LD_RUNPATH_SEARCH_PATHS = "$(inherited) @executable_path/Frameworks @loader_path/Frameworks";
				PRODUCT_BUNDLE_IDENTIFIER = maggled.DropboxTests;
				PRODUCT_NAME = "$(TARGET_NAME)";
				TEST_HOST = "$(BUILT_PRODUCTS_DIR)/Dropbox.app/Dropbox";
			};
			name = Release;
		};
		4D6721C31BAA541A0065888B /* Debug */ = {
			isa = XCBuildConfiguration;
			buildSettings = {
				INFOPLIST_FILE = DropboxUITests/Info.plist;
				LD_RUNPATH_SEARCH_PATHS = "$(inherited) @executable_path/Frameworks @loader_path/Frameworks";
				PRODUCT_BUNDLE_IDENTIFIER = maggled.DropboxUITests;
				PRODUCT_NAME = "$(TARGET_NAME)";
				TEST_TARGET_NAME = Dropbox;
				USES_XCTRUNNER = YES;
			};
			name = Debug;
		};
		4D6721C41BAA541A0065888B /* Release */ = {
			isa = XCBuildConfiguration;
			buildSettings = {
				INFOPLIST_FILE = DropboxUITests/Info.plist;
				LD_RUNPATH_SEARCH_PATHS = "$(inherited) @executable_path/Frameworks @loader_path/Frameworks";
				PRODUCT_BUNDLE_IDENTIFIER = maggled.DropboxUITests;
				PRODUCT_NAME = "$(TARGET_NAME)";
				TEST_TARGET_NAME = Dropbox;
				USES_XCTRUNNER = YES;
			};
			name = Release;
		};
/* End XCBuildConfiguration section */

/* Begin XCConfigurationList section */
		4D67218F1BAA54190065888B /* Build configuration list for PBXProject "Dropbox" */ = {
			isa = XCConfigurationList;
			buildConfigurations = (
				4D6721BA1BAA541A0065888B /* Debug */,
				4D6721BB1BAA541A0065888B /* Release */,
			);
			defaultConfigurationIsVisible = 0;
			defaultConfigurationName = Release;
		};
		4D6721BC1BAA541A0065888B /* Build configuration list for PBXNativeTarget "Dropbox" */ = {
			isa = XCConfigurationList;
			buildConfigurations = (
				4D6721BD1BAA541A0065888B /* Debug */,
				4D6721BE1BAA541A0065888B /* Release */,
			);
			defaultConfigurationIsVisible = 0;
		};
		4D6721BF1BAA541A0065888B /* Build configuration list for PBXNativeTarget "DropboxTests" */ = {
			isa = XCConfigurationList;
			buildConfigurations = (
				4D6721C01BAA541A0065888B /* Debug */,
				4D6721C11BAA541A0065888B /* Release */,
			);
			defaultConfigurationIsVisible = 0;
		};
		4D6721C21BAA541A0065888B /* Build configuration list for PBXNativeTarget "DropboxUITests" */ = {
			isa = XCConfigurationList;
			buildConfigurations = (
				4D6721C31BAA541A0065888B /* Debug */,
				4D6721C41BAA541A0065888B /* Release */,
			);
			defaultConfigurationIsVisible = 0;
		};
/* End XCConfigurationList section */
	};
	rootObject = 4D67218C1BAA54190065888B /* Project object */;
}
